
Microsoft Visual Studio Solution File, Format Version 12.00
# Visual Studio Version 17
VisualStudioVersion = 17.0.31903.59
MinimumVisualStudioVersion = 10.0.40219.1
Project("{2150E333-8FDC-42A3-9474-1A3956D46DE8}") = "src", "src", "{CE5B7B6E-094C-4FB7-A697-56CD68B0FFED}"
EndProject
Project("{FAE04EC0-301F-11D3-BF4B-00C04F79EFBC}") = "ZP.CSharp.Enigma", "src\ZP.CSharp.Enigma\ZP.CSharp.Enigma.csproj", "{5E81DC5D-4693-4B26-8B24-E6458F561104}"
EndProject
Project("{2150E333-8FDC-42A3-9474-1A3956D46DE8}") = "tests", "tests", "{09317B8A-7B79-4238-989C-76AB049EFBAE}"
EndProject
Project("{FAE04EC0-301F-11D3-BF4B-00C04F79EFBC}") = "ZP.CSharp.Enigma.Tests", "tests\ZP.CSharp.Enigma.Tests\ZP.CSharp.Enigma.Tests.csproj", "{8340D28C-10DE-4850-B68B-8512907213CF}"
EndProject
Global
	GlobalSection(SolutionConfigurationPlatforms) = preSolution
		Debug|Any CPU = Debug|Any CPU
		Release|Any CPU = Release|Any CPU
	EndGlobalSection
	GlobalSection(SolutionProperties) = preSolution
		HideSolutionNode = FALSE
	EndGlobalSection
	GlobalSection(ProjectConfigurationPlatforms) = postSolution
		{5E81DC5D-4693-4B26-8B24-E6458F561104}.Debug|Any CPU.ActiveCfg = Debug|Any CPU
		{5E81DC5D-4693-4B26-8B24-E6458F561104}.Debug|Any CPU.Build.0 = Debug|Any CPU
		{5E81DC5D-4693-4B26-8B24-E6458F561104}.Release|Any CPU.ActiveCfg = Release|Any CPU
		{5E81DC5D-4693-4B26-8B24-E6458F561104}.Release|Any CPU.Build.0 = Release|Any CPU
		{8340D28C-10DE-4850-B68B-8512907213CF}.Debug|Any CPU.ActiveCfg = Debug|Any CPU
		{8340D28C-10DE-4850-B68B-8512907213CF}.Debug|Any CPU.Build.0 = Debug|Any CPU
		{8340D28C-10DE-4850-B68B-8512907213CF}.Release|Any CPU.ActiveCfg = Release|Any CPU
		{8340D28C-10DE-4850-B68B-8512907213CF}.Release|Any CPU.Build.0 = Release|Any CPU
	EndGlobalSection
	GlobalSection(NestedProjects) = preSolution
		{5E81DC5D-4693-4B26-8B24-E6458F561104} = {CE5B7B6E-094C-4FB7-A697-56CD68B0FFED}
		{8340D28C-10DE-4850-B68B-8512907213CF} = {09317B8A-7B79-4238-989C-76AB049EFBAE}
	EndGlobalSection
EndGlobal
